
Microsoft Visual Studio Solution File, Format Version 12.00
# Visual Studio Version 17
VisualStudioVersion = 17.9.34728.123
MinimumVisualStudioVersion = 10.0.40219.1
Project("{FAE04EC0-301F-11D3-BF4B-00C04F79EFBC}") = "EstanteLivro", "EstanteLivro\EstanteLivro.csproj", "{3B118AAA-8326-4903-A231-721A798BEB8D}"
EndProject
Global
	GlobalSection(SolutionConfigurationPlatforms) = preSolution
		Debug|Any CPU = Debug|Any CPU
		Release|Any CPU = Release|Any CPU
	EndGlobalSection
	GlobalSection(ProjectConfigurationPlatforms) = postSolution
		{3B118AAA-8326-4903-A231-721A798BEB8D}.Debug|Any CPU.ActiveCfg = Debug|Any CPU
		{3B118AAA-8326-4903-A231-721A798BEB8D}.Debug|Any CPU.Build.0 = Debug|Any CPU
		{3B118AAA-8326-4903-A231-721A798BEB8D}.Release|Any CPU.ActiveCfg = Release|Any CPU
		{3B118AAA-8326-4903-A231-721A798BEB8D}.Release|Any CPU.Build.0 = Release|Any CPU
	EndGlobalSection
	GlobalSection(SolutionProperties) = preSolution
		HideSolutionNode = FALSE
	EndGlobalSection
	GlobalSection(ExtensibilityGlobals) = postSolution
		SolutionGuid = {D85FB05F-459A-4111-8772-C4206C11597B}
	EndGlobalSection
EndGlobal
